{
  "name": "teamlink-job-portal",
  "version": "1.0.0",
  "lockfileVersion": 3,
  "requires": true,
  "packages": {
    "": {
      "name": "teamlink-job-portal",
      "version": "1.0.0",
      "dependencies": {
        "playwright": "^1.63.0"
      },
      "devDependencies": {
        "@electric-sql/pglite": "^0.5.8",
        "@electric-sql/pglite-socket": "^0.2.11",
        "js-yaml": "^5.4.2",
        "pg": "^8.23.0",
        "smtp-server": "^3.19.13"
      }
    },
    "node_modules/@electric-sql/pglite": {
      "version": "0.5.8",
      "resolved": "https://registry.npmjs.org/@electric-sql/pglite/-/pglite-0.5.8.tgz",
      "integrity": "sha512-n9tsbUOhwx2epK1V0ZG9Ar4SHWUju04dhmzZXiSBXwBoleOvIfals33NAaWgagQVAL4Rbvx/Ptsu3P+pA09f6Q==",
      "dev": true,
      "license": "Apache-2.0"
    },
    "node_modules/@electric-sql/pglite-age": {
      "version": "0.0.9",
      "resolved": "https://registry.npmjs.org/@electric-sql/pglite-age/-/pglite-age-0.0.9.tgz",
      "integrity": "sha512-IdNy5P5nxwKVeSPLjDLXkp/eYffH5roympM7fTG+g9ehzBrDnQ9TT2tfCJ2vRVcOSPQBp4oURzfRE19cs/x8ZA==",
      "dev": true,
      "license": "Apache-2.0",
      "peer": true,
      "peerDependencies": {
        "@electric-sql/pglite": "0.5.8"
      }
    },
    "node_modules/@electric-sql/pglite-pg_hashids": {
      "version": "0.0.9",
      "resolved": "https://registry.npmjs.org/@electric-sql/pglite-pg_hashids/-/pglite-pg_hashids-0.0.9.tgz",
      "integrity": "sha512-NffsZH+FaRLp0WzsYG35BW/wOHLsTs325zjgp+PnKlWeGyW523Mbw4EZ1Awm02C3QWBU9p8Y2Fk02Al5NpRGUg==",
      "dev": true,
      "license": "Apache-2.0",
      "peer": true,
      "peerDependencies": {
        "@electric-sql/pglite": "0.5.8"
      }
    },
    "node_modules/@electric-sql/pglite-pg_ivm": {
      "version": "0.0.9",
      "resolved": "https://registry.npmjs.org/@electric-sql/pglite-pg_ivm/-/pglite-pg_ivm-0.0.9.tgz",
      "integrity": "sha512-mbTcDLQyzeOG4rX6LLHhWDPJeQUv2xHvayKtf4oE7xujWEGWEDUEJP1+U0pXXELtIoWiUzzPBWjzKY1mRisqkQ==",
      "dev": true,
      "license": "Apache-2.0",
      "peer": true,
      "peerDependencies": {
        "@electric-sql/pglite": "0.5.8"
      }
    },
    "node_modules/@electric-sql/pglite-pg_textsearch": {
      "version": "0.0.10",
      "resolved": "https://registry.npmjs.org/@electric-sql/pglite-pg_textsearch/-/pglite-pg_textsearch-0.0.10.tgz",
      "integrity": "sha512-tsL1rTYU4tzIC44htL7/0nS6C2XC5Srz0tfxU1LJelCqNIBkpFI9Esw1JbuVCaQKUHGDbPgAz8JYavNxwbuRVw==",
      "dev": true,
      "license": "Apache-2.0",
      "peer": true,
      "peerDependencies": {
        "@electric-sql/pglite": "0.5.8"
      }
    },
    "node_modules/@electric-sql/pglite-pg_uuidv7": {
      "version": "0.0.9",
      "resolved": "https://registry.npmjs.org/@electric-sql/pglite-pg_uuidv7/-/pglite-pg_uuidv7-0.0.9.tgz",
      "integrity": "sha512-n/JbzoQMF9jFKFxGLRIzUfC1O4V2vTE0Pt3uoAO6/EP7dX5m1h4zBdezQAcT2JFostD0YWUdzHj9iYvcbUGM1A==",
      "dev": true,
      "license": "Apache-2.0",
      "peer": true,
      "peerDependencies": {
        "@electric-sql/pglite": "0.5.8"
      }
    },
    "node_modules/@electric-sql/pglite-pgtap": {
      "version": "0.0.9",
      "resolved": "https://registry.npmjs.org/@electric-sql/pglite-pgtap/-/pglite-pgtap-0.0.9.tgz",
      "integrity": "sha512-VIyclfOawUN0IJROKiCnrVxsZQEG7tixgiC8c8nxp9TlBhI79MZqotoqlqvdPzGHmjWZlcgJ7tC8InOcy+2A/A==",
      "dev": true,
      "license": "Apache-2.0",
      "peer": true,
      "peerDependencies": {
        "@electric-sql/pglite": "0.5.8"
      }
    },
    "node_modules/@electric-sql/pglite-pgvector": {
      "version": "0.0.9",
      "resolved": "https://registry.npmjs.org/@electric-sql/pglite-pgvector/-/pglite-pgvector-0.0.9.tgz",
      "integrity": "sha512-ue4iBW651gDQwBwn97Ekv1lYGPvXa1ymHbRbTCSL0Ib286PRDD1VDOwzwEoekZuO/wctMbTzKzlwdgDwYrqZ8A==",
      "dev": true,
      "license": "Apache-2.0",
      "peer": true,
      "peerDependencies": {
        "@electric-sql/pglite": "0.5.8"
      }
    },
    "node_modules/@electric-sql/pglite-socket": {
      "version": "0.2.11",
      "resolved": "https://registry.npmjs.org/@electric-sql/pglite-socket/-/pglite-socket-0.2.11.tgz",
      "integrity": "sha512-DKnJBf7+5zFCXXGZAGUvGoWKetPPvaQ7fLSGVqP5onzgBhV9vvTcHigireMROMglgovvhoXHaMOKqt69/vts4A==",
      "dev": true,
      "license": "Apache-2.0",
      "bin": {
        "pglite-server": "dist/scripts/server.js"
      },
      "peerDependencies": {
        "@electric-sql/pglite": "0.5.8",
        "@electric-sql/pglite-age": "0.0.9",
        "@electric-sql/pglite-pg_hashids": "0.0.9",
        "@electric-sql/pglite-pg_ivm": "0.0.9",
        "@electric-sql/pglite-pg_textsearch": "0.0.10",
        "@electric-sql/pglite-pg_uuidv7": "0.0.9",
        "@electric-sql/pglite-pgtap": "0.0.9",
        "@electric-sql/pglite-pgvector": "0.0.9"
      }
    },
    "node_modules/argparse": {
      "version": "2.0.1",
      "resolved": "https://registry.npmjs.org/argparse/-/argparse-2.0.1.tgz",
      "integrity": "sha512-8+9WqebbFzpX9OR+Wa6O29asIogeRMzcGtAINdpMHHyAg10f05aSFVBbcEqGf/PXw1EjAZ+q2/bEBg3DvurK3Q==",
      "dev": true,
      "license": "Python-2.0"
    },
    "node_modules/ipv6-normalize": {
      "version": "1.0.1",
      "resolved": "https://registry.npmjs.org/ipv6-normalize/-/ipv6-normalize-1.0.1.tgz",
      "integrity": "sha512-Bm6H79i01DjgGTCWjUuCjJ6QDo1HB96PT/xCYuyJUP9WFbVDrLSbG4EZCvOCun2rNswZb0c3e4Jt/ws795esHA==",
      "dev": true,
      "license": "MIT"
    },
    "node_modules/js-yaml": {
      "version": "5.4.2",
      "resolved": "https://registry.npmjs.org/js-yaml/-/js-yaml-5.4.2.tgz",
      "integrity": "sha512-m+aqu+LwO1O6sIopafj8HUVl5aawITwZQe/yHpMCKjaWBaA/d07B/QdMb3529REftiU+RMMHL3Vlsw3hON7vWg==",
      "dev": true,
      "funding": [
        {
          "type": "github",
          "url": "https://github.com/sponsors/puzrin"
        },
        {
          "type": "github",
          "url": "https://github.com/sponsors/nodeca"
        }
      ],
      "license": "MIT",
      "dependencies": {
        "argparse": "^2.0.1"
      },
      "bin": {
        "js-yaml": "bin/js-yaml.mjs"
      }
    },
    "node_modules/nodemailer": {
      "version": "10.0.10",
      "resolved": "https://registry.npmjs.org/nodemailer/-/nodemailer-10.0.10.tgz",
      "integrity": "sha512-He9XskOFms62SyAKkLu8CcGcYHAo+BSHSsORI8s4PJH8qZgZY4L4lDfvyN0twvmbpyG+eGrxpyBlskj9d9rJ8A==",
      "dev": true,
      "license": "MIT-0",
      "engines": {
        "node": ">=20.0.0"
      }
    },
    "node_modules/pg": {
      "version": "8.23.0",
      "resolved": "https://registry.npmjs.org/pg/-/pg-8.23.0.tgz",
      "integrity": "sha512-Ip2EQCngowJLGOfCwkFhPXU7/ljlhn6Rxlmy4XYfL2Y+vyRM59+8uR2xqRWKdYmbXmxCFOAmKxBuSUCdF34qLg==",
      "dev": true,
      "license": "MIT",
      "dependencies": {
        "pg-connection-string": "^2.14.0",
        "pg-pool": "^3.14.0",
        "pg-protocol": "^1.16.0",
        "pg-types": "2.2.0",
        "pgpass": "1.0.5"
      },
      "engines": {
        "node": ">= 16.0.0"
      },
      "optionalDependencies": {
        "pg-cloudflare": "^1.4.0"
      },
      "peerDependencies": {
        "pg-native": ">=3.0.1"
      },
      "peerDependenciesMeta": {
        "pg-native": {
          "optional": true
        }
      }
    },
    "node_modules/pg-cloudflare": {
      "version": "1.4.0",
      "resolved": "https://registry.npmjs.org/pg-cloudflare/-/pg-cloudflare-1.4.0.tgz",
      "integrity": "sha512-Vo7z/6rrQYxpNRylp4Tlob2elzbh+N/MOQbxFVWCxS7oEx6jF53GTJFxK2WWpKuBRkmiin4Mt+xofFDjx09R0A==",
      "dev": true,
      "license": "MIT",
      "optional": true
    },
    "node_modules/pg-connection-string": {
      "version": "2.14.0",
      "resolved": "https://registry.npmjs.org/pg-connection-string/-/pg-connection-string-2.14.0.tgz",
      "integrity": "sha512-XwWDGcLRGCXAR8F/AM5bG7Q+A3Wm2s6QeEjlOKZLlH3UYcguiqCWKyWXVag5TLTIjR7oOJUY8kcADaZgWPyLeg==",
      "dev": true,
      "license": "MIT"
    },
    "node_modules/pg-int8": {
      "version": "1.0.1",
      "resolved": "https://registry.npmjs.org/pg-int8/-/pg-int8-1.0.1.tgz",
      "integrity": "sha512-WCtabS6t3c8SkpDBUlb1kjOs7l66xsGdKpIPZsg4wR+B3+u9UAum2odSsF9tnvxg80h4ZxLWMy4pRjOsFIqQpw==",
      "dev": true,
      "license": "ISC",
      "engines": {
        "node": ">=4.0.0"
      }
    },
    "node_modules/pg-pool": {
      "version": "3.14.0",
      "resolved": "https://registry.npmjs.org/pg-pool/-/pg-pool-3.14.0.tgz",
      "integrity": "sha512-gKtPkFdQPU3DksooVLi9LsjZxrsBUZIpa+7aVx+LV5pNh0KzP4Zleud2po+ConrxbuXGBJ6Hfer6hdgpIBpBaw==",
      "dev": true,
      "license": "MIT",
      "peerDependencies": {
        "pg": ">=8.0"
      }
    },
    "node_modules/pg-protocol": {
      "version": "1.16.0",
      "resolved": "https://registry.npmjs.org/pg-protocol/-/pg-protocol-1.16.0.tgz",
      "integrity": "sha512-sILXutLVjCLjcDuOmvhX5e2Z4cS5qG/6Bu3VkpFwdf/633ElGLpEh9bgmuI5I4sqKqkifQiGyiCcx1HdtrK7tg==",
      "dev": true,
      "license": "MIT"
    },
    "node_modules/pg-types": {
      "version": "2.2.0",
      "resolved": "https://registry.npmjs.org/pg-types/-/pg-types-2.2.0.tgz",
      "integrity": "sha512-qTAAlrEsl8s4OiEQY69wDvcMIdQN6wdz5ojQiOy6YRMuynxenON0O5oCpJI6lshc6scgAY8qvJ2On/p+CXY0GA==",
      "dev": true,
      "license": "MIT",
      "dependencies": {
        "pg-int8": "1.0.1",
        "postgres-array": "~2.0.0",
        "postgres-bytea": "~1.0.0",
        "postgres-date": "~1.0.4",
        "postgres-interval": "^1.1.0"
      },
      "engines": {
        "node": ">=4"
      }
    },
    "node_modules/pgpass": {
      "version": "1.0.5",
      "resolved": "https://registry.npmjs.org/pgpass/-/pgpass-1.0.5.tgz",
      "integrity": "sha512-FdW9r/jQZhSeohs1Z3sI1yxFQNFvMcnmfuj4WBMUTxOrAyLMaTcE1aAMBiTlbMNaXvBCQuVi0R7hd8udDSP7ug==",
      "dev": true,
      "license": "MIT",
      "dependencies": {
        "split2": "^4.1.0"
      }
    },
    "node_modules/playwright": {
      "version": "1.63.0",
      "resolved": "https://registry.npmjs.org/playwright/-/playwright-1.63.0.tgz",
      "integrity": "sha512-+7ziBLidS4NaNCdt57SUDT+wYmmd5fmiQejUic/kb+YsYSCPyOOE9sebzMjNmQrsnNpDJqd4WHvV/8lfKfUDUg==",
      "license": "Apache-2.0",
      "dependencies": {
        "playwright-core": "1.63.0"
      },
      "bin": {
        "playwright": "cli.js"
      },
      "engines": {
        "node": ">=20"
      }
    },
    "node_modules/playwright-core": {
      "version": "1.63.0",
      "resolved": "https://registry.npmjs.org/playwright-core/-/playwright-core-1.63.0.tgz",
      "integrity": "sha512-rYCsBF/M5HjUch52bbtVONEFjv6Xu8sm8h72dNlR5bzIE1fvC/bxgspzkjSfU+MweEMmPM8KJebG6nnyxo5mCg==",
      "license": "Apache-2.0",
      "bin": {
        "playwright-core": "cli.js"
      },
      "engines": {
        "node": ">=20"
      }
    },
    "node_modules/postgres-array": {
      "version": "2.0.0",
      "resolved": "https://registry.npmjs.org/postgres-array/-/postgres-array-2.0.0.tgz",
      "integrity": "sha512-VpZrUqU5A69eQyW2c5CA1jtLecCsN2U/bD6VilrFDWq5+5UIEVO7nazS3TEcHf1zuPYO/sqGvUvW62g86RXZuA==",
      "dev": true,
      "license": "MIT",
      "engines": {
        "node": ">=4"
      }
    },
    "node_modules/postgres-bytea": {
      "version": "1.0.1",
      "resolved": "https://registry.npmjs.org/postgres-bytea/-/postgres-bytea-1.0.1.tgz",
      "integrity": "sha512-5+5HqXnsZPE65IJZSMkZtURARZelel2oXUEO8rH83VS/hxH5vv1uHquPg5wZs8yMAfdv971IU+kcPUczi7NVBQ==",
      "dev": true,
      "license": "MIT",
      "engines": {
        "node": ">=0.10.0"
      }
    },
    "node_modules/postgres-date": {
      "version": "1.0.7",
      "resolved": "https://registry.npmjs.org/postgres-date/-/postgres-date-1.0.7.tgz",
      "integrity": "sha512-suDmjLVQg78nMK2UZ454hAG+OAW+HQPZ6n++TNDUX+L0+uUlLywnoxJKDou51Zm+zTCjrCl0Nq6J9C5hP9vK/Q==",
      "dev": true,
      "license": "MIT",
      "engines": {
        "node": ">=0.10.0"
      }
    },
    "node_modules/postgres-interval": {
      "version": "1.2.0",
      "resolved": "https://registry.npmjs.org/postgres-interval/-/postgres-interval-1.2.0.tgz",
      "integrity": "sha512-9ZhXKM/rw350N1ovuWHbGxnGh/SNJ4cnxHiM0rxE4VN41wsg8P8zWn9hv/buK00RP4WvlOyr/RBDiptyxVbkZQ==",
      "dev": true,
      "license": "MIT",
      "dependencies": {
        "xtend": "^4.0.0"
      },
      "engines": {
        "node": ">=0.10.0"
      }
    },
    "node_modules/punycode.js": {
      "version": "2.3.1",
      "resolved": "https://registry.npmjs.org/punycode.js/-/punycode.js-2.3.1.tgz",
      "integrity": "sha512-uxFIHU0YlHYhDQtV4R9J6a52SLx28BCjT+4ieh7IGbgwVJWO+km431c4yRlREUAsAmt/uMjQUyQHNEPf0M39CA==",
      "dev": true,
      "license": "MIT",
      "engines": {
        "node": ">=6"
      }
    },
    "node_modules/smtp-server": {
      "version": "3.19.13",
      "resolved": "https://registry.npmjs.org/smtp-server/-/smtp-server-3.19.13.tgz",
      "integrity": "sha512-W1CjNcrPqW4+1gUOYRyjPvTOxu7GgKR9+7l50yQBF0GM8v8jpYwheHFCHX7s+p7pYI8iXKQQZiF2Rv2Na/3i2g==",
      "dev": true,
      "license": "MIT-0",
      "dependencies": {
        "ipv6-normalize": "1.0.1",
        "nodemailer": "10.0.10",
        "punycode.js": "2.3.1"
      },
      "engines": {
        "node": ">=20.0.0"
      }
    },
    "node_modules/split2": {
      "version": "4.2.0",
      "resolved": "https://registry.npmjs.org/split2/-/split2-4.2.0.tgz",
      "integrity": "sha512-UcjcJOWknrNkF6PLX83qcHM6KHgVKNkV62Y8a5uYDVv9ydGQVwAHMKqHdJje1VTWpljG0WYpCDhrCdAOYH4TWg==",
      "dev": true,
      "license": "ISC",
      "engines": {
        "node": ">= 10.x"
      }
    },
    "node_modules/xtend": {
      "version": "4.0.2",
      "resolved": "https://registry.npmjs.org/xtend/-/xtend-4.0.2.tgz",
      "integrity": "sha512-LKYU1iAXJXUgAXn9URjiu+MWhyUXHsvfp7mcuYm9dSUKK0/CjtrUwFAxD82/mCWbtLsGjFIad0wIsod4zrTAEQ==",
      "dev": true,
      "license": "MIT",
      "engines": {
        "node": ">=0.4"
      }
    }
  }
}
